// !$*UTF8*$!
{
	archiveVersion = 1;
	classes = {
	};
	objectVersion = 51;
	objects = {

/* Begin PBXBuildFile section */
		02BE677974D70AF963DBB597 /* Pods_JapaneseLDSQuadTests.framework in Frameworks */ = {isa = PBXBuildFile; fileRef = 834A4BDF9547AD8900D05100 /* Pods_JapaneseLDSQuadTests.framework */; };
		2823B2C2E536200F4A8FEF0C /* Pods_JapaneseLDSQuad.framework in Frameworks */ = {isa = PBXBuildFile; fileRef = 8ECEDEF8BAC9BC195B84BE19 /* Pods_JapaneseLDSQuad.framework */; };
		5970B9E5A84ECB5D56E9BC60 /* Pods_JapaneseLDSQuad_JapaneseLDSQuadUITests.framework in Frameworks */ = {isa = PBXBuildFile; fileRef = 494B9A96C68C50ECB05714B4 /* Pods_JapaneseLDSQuad_JapaneseLDSQuadUITests.framework */; };
		D40B3E6C23E7F89500276662 /* BookmarksViewController.swift in Sources */ = {isa = PBXBuildFile; fileRef = D40B3E6B23E7F89500276662 /* BookmarksViewController.swift */; };
		D40B3E7023E892F900276662 /* Book.swift in Sources */ = {isa = PBXBuildFile; fileRef = D40B3E6F23E892F900276662 /* Book.swift */; };
		D40B3E7223E8932900276662 /* Scripture.swift in Sources */ = {isa = PBXBuildFile; fileRef = D40B3E7123E8932900276662 /* Scripture.swift */; };
		D40B3E7423E8935F00276662 /* HighlightedScripture.swift in Sources */ = {isa = PBXBuildFile; fileRef = D40B3E7323E8935F00276662 /* HighlightedScripture.swift */; };
		D40B3E7623E8938A00276662 /* HighlightedText.swift in Sources */ = {isa = PBXBuildFile; fileRef = D40B3E7523E8938A00276662 /* HighlightedText.swift */; };
		D40B3E7823E893BD00276662 /* Bookmark.swift in Sources */ = {isa = PBXBuildFile; fileRef = D40B3E7723E893BD00276662 /* Bookmark.swift */; };
		D40B3E7A23E8943200276662 /* JLQ.realm in Resources */ = {isa = PBXBuildFile; fileRef = D40B3E7923E8943200276662 /* JLQ.realm */; };
		D40B3E7C23E896BA00276662 /* Constants.swift in Sources */ = {isa = PBXBuildFile; fileRef = D40B3E7B23E896BA00276662 /* Constants.swift */; };
		D40B3E9323E8E1B400276662 /* Localizable.strings in Resources */ = {isa = PBXBuildFile; fileRef = D40B3E9523E8E1B400276662 /* Localizable.strings */; };
		D40B3E9F23E8E6DD00276662 /* AppExtensions.swift in Sources */ = {isa = PBXBuildFile; fileRef = D40B3E9E23E8E6DD00276662 /* AppExtensions.swift */; };
		D41EC66A24011328001521D8 /* SpeechViewDelegate.swift in Sources */ = {isa = PBXBuildFile; fileRef = D41EC66924011328001521D8 /* SpeechViewDelegate.swift */; };
		D41EC66E24034822001521D8 /* SpeechUtilities.swift in Sources */ = {isa = PBXBuildFile; fileRef = D41EC66D24034822001521D8 /* SpeechUtilities.swift */; };
		D41EC6722404CF18001521D8 /* SpeechViewController.swift in Sources */ = {isa = PBXBuildFile; fileRef = D41EC6712404CF18001521D8 /* SpeechViewController.swift */; };
		D41EC67424050876001521D8 /* HighlightChangeDelegate.swift in Sources */ = {isa = PBXBuildFile; fileRef = D41EC67324050876001521D8 /* HighlightChangeDelegate.swift */; };
		D4212A1D23E7BC02002CD60A /* AppDelegate.swift in Sources */ = {isa = PBXBuildFile; fileRef = D4212A1C23E7BC02002CD60A /* AppDelegate.swift */; };
		D4212A1F23E7BC02002CD60A /* SceneDelegate.swift in Sources */ = {isa = PBXBuildFile; fileRef = D4212A1E23E7BC02002CD60A /* SceneDelegate.swift */; };
		D4212A2123E7BC02002CD60A /* BooksViewController.swift in Sources */ = {isa = PBXBuildFile; fileRef = D4212A2023E7BC02002CD60A /* BooksViewController.swift */; };
		D4212A2323E7BC02002CD60A /* SearchViewController.swift in Sources */ = {isa = PBXBuildFile; fileRef = D4212A2223E7BC02002CD60A /* SearchViewController.swift */; };
		D4212A2623E7BC02002CD60A /* Main.storyboard in Resources */ = {isa = PBXBuildFile; fileRef = D4212A2423E7BC02002CD60A /* Main.storyboard */; };
		D4212A2823E7BC02002CD60A /* Assets.xcassets in Resources */ = {isa = PBXBuildFile; fileRef = D4212A2723E7BC02002CD60A /* Assets.xcassets */; };
		D4212A2B23E7BC02002CD60A /* LaunchScreen.storyboard in Resources */ = {isa = PBXBuildFile; fileRef = D4212A2923E7BC02002CD60A /* LaunchScreen.storyboard */; };
		D4212A3623E7BC03002CD60A /* JapaneseLDSQuadTests.swift in Sources */ = {isa = PBXBuildFile; fileRef = D4212A3523E7BC03002CD60A /* JapaneseLDSQuadTests.swift */; };
		D4212A4123E7BC03002CD60A /* JapaneseLDSQuadUITests.swift in Sources */ = {isa = PBXBuildFile; fileRef = D4212A4023E7BC03002CD60A /* JapaneseLDSQuadUITests.swift */; };
		D430AFF12412F0BC007E9666 /* RealmManager.swift in Sources */ = {isa = PBXBuildFile; fileRef = D430AFF02412F0BC007E9666 /* RealmManager.swift */; };
		D44FF28623EA91990014B30F /* MainIndicatorView.swift in Sources */ = {isa = PBXBuildFile; fileRef = D44FF28523EA91990014B30F /* MainIndicatorView.swift */; };
		D44FF28823EC992A0014B30F /* ContentBuilder.swift in Sources */ = {isa = PBXBuildFile; fileRef = D44FF28723EC992A0014B30F /* ContentBuilder.swift */; };
		D44FF28C23ECAB8E0014B30F /* HymnBuilder.swift in Sources */ = {isa = PBXBuildFile; fileRef = D44FF28B23ECAB8E0014B30F /* HymnBuilder.swift */; };
		D44FF28E23ECB3460014B30F /* BibleDictionaryBuilder.swift in Sources */ = {isa = PBXBuildFile; fileRef = D44FF28D23ECB3460014B30F /* BibleDictionaryBuilder.swift */; };
		D47156CA2410BEC5002732A8 /* PurchaseViewDelegate.swift in Sources */ = {isa = PBXBuildFile; fileRef = D47156C92410BEC5002732A8 /* PurchaseViewDelegate.swift */; };
		D47156CC2411B2D2002732A8 /* AppProtocols.swift in Sources */ = {isa = PBXBuildFile; fileRef = D47156CB2411B2D2002732A8 /* AppProtocols.swift */; };
		D47156CE2411BC11002732A8 /* PurchaseManager.swift in Sources */ = {isa = PBXBuildFile; fileRef = D47156CD2411BC11002732A8 /* PurchaseManager.swift */; };
		D47156D02411BF94002732A8 /* AppDataTypes.swift in Sources */ = {isa = PBXBuildFile; fileRef = D47156CF2411BF94002732A8 /* AppDataTypes.swift */; };
		D475CCE023E8F2F300678A85 /* ChaptersViewController.swift in Sources */ = {isa = PBXBuildFile; fileRef = D475CCDF23E8F2F300678A85 /* ChaptersViewController.swift */; };
		D475CCE223E9293700678A85 /* MainNavigationController.swift in Sources */ = {isa = PBXBuildFile; fileRef = D475CCE123E9293700678A85 /* MainNavigationController.swift */; };
		D475CCE523E92D5200678A85 /* MainNavigationBar.swift in Sources */ = {isa = PBXBuildFile; fileRef = D475CCE423E92D5200678A85 /* MainNavigationBar.swift */; };
		D475CCE723E92E5000678A85 /* MainTabBar.swift in Sources */ = {isa = PBXBuildFile; fileRef = D475CCE623E92E5000678A85 /* MainTabBar.swift */; };
		D475CCE923E92F9800678A85 /* MainTabBarController.swift in Sources */ = {isa = PBXBuildFile; fileRef = D475CCE823E92F9800678A85 /* MainTabBarController.swift */; };
		D475CCEB23E934F200678A85 /* ContentViewController.swift in Sources */ = {isa = PBXBuildFile; fileRef = D475CCEA23E934F200678A85 /* ContentViewController.swift */; };
		D475CCED23E935F400678A85 /* PagesViewController.swift in Sources */ = {isa = PBXBuildFile; fileRef = D475CCEC23E935F400678A85 /* PagesViewController.swift */; };
		D475CCEF23E9449600678A85 /* Utilities.swift in Sources */ = {isa = PBXBuildFile; fileRef = D475CCEE23E9449600678A85 /* Utilities.swift */; };
		D475CCF523E94EF700678A85 /* JavaScriptSnippets.swift in Sources */ = {isa = PBXBuildFile; fileRef = D475CCF423E94EF700678A85 /* JavaScriptSnippets.swift */; };
		D475CCF723E9521200678A85 /* StoreObserver.swift in Sources */ = {isa = PBXBuildFile; fileRef = D475CCF623E9521200678A85 /* StoreObserver.swift */; };
		D475CCF923E9534800678A85 /* AnnotationsManager.swift in Sources */ = {isa = PBXBuildFile; fileRef = D475CCF823E9534800678A85 /* AnnotationsManager.swift */; };
		D475CCFB23E9538300678A85 /* BookmarksManager.swift in Sources */ = {isa = PBXBuildFile; fileRef = D475CCFA23E9538300678A85 /* BookmarksManager.swift */; };
		D475CCFD23E953F200678A85 /* HighlightsManager.swift in Sources */ = {isa = PBXBuildFile; fileRef = D475CCFC23E953F200678A85 /* HighlightsManager.swift */; };
		D47EFBC423FE4579001E213F /* HighlightSmallTextLabel.swift in Sources */ = {isa = PBXBuildFile; fileRef = D47EFBC323FE4579001E213F /* HighlightSmallTextLabel.swift */; };
		D47EFBC623FE5B28001E213F /* NoteViewController.swift in Sources */ = {isa = PBXBuildFile; fileRef = D47EFBC523FE5B28001E213F /* NoteViewController.swift */; };
		D47EFBC823FFBB9A001E213F /* MainButton.swift in Sources */ = {isa = PBXBuildFile; fileRef = D47EFBC723FFBB9A001E213F /* MainButton.swift */; };
		D481DC3023F515AB00F166B7 /* InfoPlist.strings in Resources */ = {isa = PBXBuildFile; fileRef = D481DC3223F515AB00F166B7 /* InfoPlist.strings */; };
		D481DC3523F6657B00F166B7 /* JavaScriptFunctions.swift in Sources */ = {isa = PBXBuildFile; fileRef = D481DC3423F6657B00F166B7 /* JavaScriptFunctions.swift */; };
		D481DC3723F678C300F166B7 /* MainWebView.swift in Sources */ = {isa = PBXBuildFile; fileRef = D481DC3623F678C300F166B7 /* MainWebView.swift */; };
		D4DE983B240F4C4100D87829 /* PurchaseViewController.swift in Sources */ = {isa = PBXBuildFile; fileRef = D4DE983A240F4C4100D87829 /* PurchaseViewController.swift */; };
		D4DE983D240F602200D87829 /* StoreManager.swift in Sources */ = {isa = PBXBuildFile; fileRef = D4DE983C240F602200D87829 /* StoreManager.swift */; };
		D4DFE61923F4C0DE0055B6FB /* Images in Resources */ = {isa = PBXBuildFile; fileRef = D4DFE61823F4C0DE0055B6FB /* Images */; };
		D4EBEFFD23F8EF4700275624 /* SettingsViewController.swift in Sources */ = {isa = PBXBuildFile; fileRef = D4EBEFFC23F8EF4700275624 /* SettingsViewController.swift */; };
		D4EBF00123F906E200275624 /* SettingsViewDelegate.swift in Sources */ = {isa = PBXBuildFile; fileRef = D4EBF00023F906E200275624 /* SettingsViewDelegate.swift */; };
		D4EBF00323FA508C00275624 /* HighlightsViewController.swift in Sources */ = {isa = PBXBuildFile; fileRef = D4EBF00223FA508C00275624 /* HighlightsViewController.swift */; };
		D4EBF00523FA562D00275624 /* HighlightCell.swift in Sources */ = {isa = PBXBuildFile; fileRef = D4EBF00423FA562D00275624 /* HighlightCell.swift */; };
		D4EBF00723FA726200275624 /* HighlightRegularTextLabel.swift in Sources */ = {isa = PBXBuildFile; fileRef = D4EBF00623FA726200275624 /* HighlightRegularTextLabel.swift */; };
		D4EBF00923FBA56B00275624 /* HighlightsViewLayout.swift in Sources */ = {isa = PBXBuildFile; fileRef = D4EBF00823FBA56B00275624 /* HighlightsViewLayout.swift */; };
/* End PBXBuildFile section */

/* Begin PBXContainerItemProxy section */
		D4212A3223E7BC03002CD60A /* PBXContainerItemProxy */ = {
			isa = PBXContainerItemProxy;
			containerPortal = D4212A1123E7BC02002CD60A /* Project object */;
			proxyType = 1;
			remoteGlobalIDString = D4212A1823E7BC02002CD60A;
			remoteInfo = JapaneseLDSQuad;
		};
		D4212A3D23E7BC03002CD60A /* PBXContainerItemProxy */ = {
			isa = PBXContainerItemProxy;
			containerPortal = D4212A1123E7BC02002CD60A /* Project object */;
			proxyType = 1;
			remoteGlobalIDString = D4212A1823E7BC02002CD60A;
			remoteInfo = JapaneseLDSQuad;
		};
/* End PBXContainerItemProxy section */

/* Begin PBXFileReference section */
		36031AF5C5271D1558EF428B /* Pods-JapaneseLDSQuad.release.xcconfig */ = {isa = PBXFileReference; includeInIndex = 1; lastKnownFileType = text.xcconfig; name = "Pods-JapaneseLDSQuad.release.xcconfig"; path = "Target Support Files/Pods-JapaneseLDSQuad/Pods-JapaneseLDSQuad.release.xcconfig"; sourceTree = "<group>"; };
		494B9A96C68C50ECB05714B4 /* Pods_JapaneseLDSQuad_JapaneseLDSQuadUITests.framework */ = {isa = PBXFileReference; explicitFileType = wrapper.framework; includeInIndex = 0; path = Pods_JapaneseLDSQuad_JapaneseLDSQuadUITests.framework; sourceTree = BUILT_PRODUCTS_DIR; };
		834A4BDF9547AD8900D05100 /* Pods_JapaneseLDSQuadTests.framework */ = {isa = PBXFileReference; explicitFileType = wrapper.framework; includeInIndex = 0; path = Pods_JapaneseLDSQuadTests.framework; sourceTree = BUILT_PRODUCTS_DIR; };
		8ECEDEF8BAC9BC195B84BE19 /* Pods_JapaneseLDSQuad.framework */ = {isa = PBXFileReference; explicitFileType = wrapper.framework; includeInIndex = 0; path = Pods_JapaneseLDSQuad.framework; sourceTree = BUILT_PRODUCTS_DIR; };
		8EE3D764579AE2700B956417 /* Pods-JapaneseLDSQuadTests.release.xcconfig */ = {isa = PBXFileReference; includeInIndex = 1; lastKnownFileType = text.xcconfig; name = "Pods-JapaneseLDSQuadTests.release.xcconfig"; path = "Target Support Files/Pods-JapaneseLDSQuadTests/Pods-JapaneseLDSQuadTests.release.xcconfig"; sourceTree = "<group>"; };
		99AE6B2931AB2955F42F7CD5 /* Pods-JapaneseLDSQuad-JapaneseLDSQuadUITests.release.xcconfig */ = {isa = PBXFileReference; includeInIndex = 1; lastKnownFileType = text.xcconfig; name = "Pods-JapaneseLDSQuad-JapaneseLDSQuadUITests.release.xcconfig"; path = "Target Support Files/Pods-JapaneseLDSQuad-JapaneseLDSQuadUITests/Pods-JapaneseLDSQuad-JapaneseLDSQuadUITests.release.xcconfig"; sourceTree = "<group>"; };
		B82BA37907BAA4E42C240009 /* Pods-JapaneseLDSQuadTests.debug.xcconfig */ = {isa = PBXFileReference; includeInIndex = 1; lastKnownFileType = text.xcconfig; name = "Pods-JapaneseLDSQuadTests.debug.xcconfig"; path = "Target Support Files/Pods-JapaneseLDSQuadTests/Pods-JapaneseLDSQuadTests.debug.xcconfig"; sourceTree = "<group>"; };
		B8D10CC9B7EA018F16C1F2A5 /* Pods-JapaneseLDSQuad-JapaneseLDSQuadUITests.debug.xcconfig */ = {isa = PBXFileReference; includeInIndex = 1; lastKnownFileType = text.xcconfig; name = "Pods-JapaneseLDSQuad-JapaneseLDSQuadUITests.debug.xcconfig"; path = "Target Support Files/Pods-JapaneseLDSQuad-JapaneseLDSQuadUITests/Pods-JapaneseLDSQuad-JapaneseLDSQuadUITests.debug.xcconfig"; sourceTree = "<group>"; };
		D40B3E6B23E7F89500276662 /* BookmarksViewController.swift */ = {isa = PBXFileReference; lastKnownFileType = sourcecode.swift; path = BookmarksViewController.swift; sourceTree = "<group>"; };
		D40B3E6F23E892F900276662 /* Book.swift */ = {isa = PBXFileReference; lastKnownFileType = sourcecode.swift; path = Book.swift; sourceTree = "<group>"; };
		D40B3E7123E8932900276662 /* Scripture.swift */ = {isa = PBXFileReference; lastKnownFileType = sourcecode.swift; path = Scripture.swift; sourceTree = "<group>"; };
		D40B3E7323E8935F00276662 /* HighlightedScripture.swift */ = {isa = PBXFileReference; lastKnownFileType = sourcecode.swift; path = HighlightedScripture.swift; sourceTree = "<group>"; };
		D40B3E7523E8938A00276662 /* HighlightedText.swift */ = {isa = PBXFileReference; lastKnownFileType = sourcecode.swift; path = HighlightedText.swift; sourceTree = "<group>"; };
		D40B3E7723E893BD00276662 /* Bookmark.swift */ = {isa = PBXFileReference; lastKnownFileType = sourcecode.swift; path = Bookmark.swift; sourceTree = "<group>"; };
		D40B3E7923E8943200276662 /* JLQ.realm */ = {isa = PBXFileReference; lastKnownFileType = file; path = JLQ.realm; sourceTree = "<group>"; };
		D40B3E7B23E896BA00276662 /* Constants.swift */ = {isa = PBXFileReference; lastKnownFileType = sourcecode.swift; path = Constants.swift; sourceTree = "<group>"; };
		D40B3E8F23E8E17F00276662 /* ja */ = {isa = PBXFileReference; lastKnownFileType = text.plist.strings; name = ja; path = ja.lproj/Main.strings; sourceTree = "<group>"; };
		D40B3E9023E8E17F00276662 /* ja */ = {isa = PBXFileReference; lastKnownFileType = text.plist.strings; name = ja; path = ja.lproj/LaunchScreen.strings; sourceTree = "<group>"; };
		D40B3E9623E8E1D200276662 /* en */ = {isa = PBXFileReference; lastKnownFileType = text.plist.strings; name = en; path = en.lproj/Localizable.strings; sourceTree = "<group>"; };
		D40B3E9723E8E1E700276662 /* ja */ = {isa = PBXFileReference; lastKnownFileType = text.plist.strings; name = ja; path = ja.lproj/Localizable.strings; sourceTree = "<group>"; };
		D40B3E9E23E8E6DD00276662 /* AppExtensions.swift */ = {isa = PBXFileReference; lastKnownFileType = sourcecode.swift; path = AppExtensions.swift; sourceTree = "<group>"; };
		D41EC66924011328001521D8 /* SpeechViewDelegate.swift */ = {isa = PBXFileReference; lastKnownFileType = sourcecode.swift; path = SpeechViewDelegate.swift; sourceTree = "<group>"; };
		D41EC66D24034822001521D8 /* SpeechUtilities.swift */ = {isa = PBXFileReference; lastKnownFileType = sourcecode.swift; path = SpeechUtilities.swift; sourceTree = "<group>"; };
		D41EC6712404CF18001521D8 /* SpeechViewController.swift */ = {isa = PBXFileReference; lastKnownFileType = sourcecode.swift; path = SpeechViewController.swift; sourceTree = "<group>"; };
		D41EC67324050876001521D8 /* HighlightChangeDelegate.swift */ = {isa = PBXFileReference; lastKnownFileType = sourcecode.swift; path = HighlightChangeDelegate.swift; sourceTree = "<group>"; };
		D4212A1923E7BC02002CD60A /* JapaneseLDSQuad.app */ = {isa = PBXFileReference; explicitFileType = wrapper.application; includeInIndex = 0; path = JapaneseLDSQuad.app; sourceTree = BUILT_PRODUCTS_DIR; };
		D4212A1C23E7BC02002CD60A /* AppDelegate.swift */ = {isa = PBXFileReference; lastKnownFileType = sourcecode.swift; path = AppDelegate.swift; sourceTree = "<group>"; };
		D4212A1E23E7BC02002CD60A /* SceneDelegate.swift */ = {isa = PBXFileReference; lastKnownFileType = sourcecode.swift; path = SceneDelegate.swift; sourceTree = "<group>"; };
		D4212A2023E7BC02002CD60A /* BooksViewController.swift */ = {isa = PBXFileReference; lastKnownFileType = sourcecode.swift; path = BooksViewController.swift; sourceTree = "<group>"; };
		D4212A2223E7BC02002CD60A /* SearchViewController.swift */ = {isa = PBXFileReference; lastKnownFileType = sourcecode.swift; path = SearchViewController.swift; sourceTree = "<group>"; };
		D4212A2523E7BC02002CD60A /* Base */ = {isa = PBXFileReference; lastKnownFileType = file.storyboard; name = Base; path = Base.lproj/Main.storyboard; sourceTree = "<group>"; };
		D4212A2723E7BC02002CD60A /* Assets.xcassets */ = {isa = PBXFileReference; lastKnownFileType = folder.assetcatalog; path = Assets.xcassets; sourceTree = "<group>"; };
		D4212A2A23E7BC02002CD60A /* Base */ = {isa = PBXFileReference; lastKnownFileType = file.storyboard; name = Base; path = Base.lproj/LaunchScreen.storyboard; sourceTree = "<group>"; };
		D4212A2C23E7BC02002CD60A /* Info.plist */ = {isa = PBXFileReference; lastKnownFileType = text.plist.xml; path = Info.plist; sourceTree = "<group>"; };
		D4212A3123E7BC03002CD60A /* JapaneseLDSQuadTests.xctest */ = {isa = PBXFileReference; explicitFileType = wrapper.cfbundle; includeInIndex = 0; path = JapaneseLDSQuadTests.xctest; sourceTree = BUILT_PRODUCTS_DIR; };
		D4212A3523E7BC03002CD60A /* JapaneseLDSQuadTests.swift */ = {isa = PBXFileReference; lastKnownFileType = sourcecode.swift; path = JapaneseLDSQuadTests.swift; sourceTree = "<group>"; };
		D4212A3723E7BC03002CD60A /* Info.plist */ = {isa = PBXFileReference; lastKnownFileType = text.plist.xml; path = Info.plist; sourceTree = "<group>"; };
		D4212A3C23E7BC03002CD60A /* JapaneseLDSQuadUITests.xctest */ = {isa = PBXFileReference; explicitFileType = wrapper.cfbundle; includeInIndex = 0; path = JapaneseLDSQuadUITests.xctest; sourceTree = BUILT_PRODUCTS_DIR; };
		D4212A4023E7BC03002CD60A /* JapaneseLDSQuadUITests.swift */ = {isa = PBXFileReference; lastKnownFileType = sourcecode.swift; path = JapaneseLDSQuadUITests.swift; sourceTree = "<group>"; };
		D4212A4223E7BC03002CD60A /* Info.plist */ = {isa = PBXFileReference; lastKnownFileType = text.plist.xml; path = Info.plist; sourceTree = "<group>"; };
		D430AFF02412F0BC007E9666 /* RealmManager.swift */ = {isa = PBXFileReference; lastKnownFileType = sourcecode.swift; path = RealmManager.swift; sourceTree = "<group>"; };
		D44FF28523EA91990014B30F /* MainIndicatorView.swift */ = {isa = PBXFileReference; lastKnownFileType = sourcecode.swift; path = MainIndicatorView.swift; sourceTree = "<group>"; };
		D44FF28723EC992A0014B30F /* ContentBuilder.swift */ = {isa = PBXFileReference; lastKnownFileType = sourcecode.swift; path = ContentBuilder.swift; sourceTree = "<group>"; };
		D44FF28B23ECAB8E0014B30F /* HymnBuilder.swift */ = {isa = PBXFileReference; lastKnownFileType = sourcecode.swift; path = HymnBuilder.swift; sourceTree = "<group>"; };
		D44FF28D23ECB3460014B30F /* BibleDictionaryBuilder.swift */ = {isa = PBXFileReference; lastKnownFileType = sourcecode.swift; path = BibleDictionaryBuilder.swift; sourceTree = "<group>"; };
		D47156C92410BEC5002732A8 /* PurchaseViewDelegate.swift */ = {isa = PBXFileReference; lastKnownFileType = sourcecode.swift; path = PurchaseViewDelegate.swift; sourceTree = "<group>"; };
		D47156CB2411B2D2002732A8 /* AppProtocols.swift */ = {isa = PBXFileReference; lastKnownFileType = sourcecode.swift; path = AppProtocols.swift; sourceTree = "<group>"; };
		D47156CD2411BC11002732A8 /* PurchaseManager.swift */ = {isa = PBXFileReference; lastKnownFileType = sourcecode.swift; path = PurchaseManager.swift; sourceTree = "<group>"; };
		D47156CF2411BF94002732A8 /* AppDataTypes.swift */ = {isa = PBXFileReference; lastKnownFileType = sourcecode.swift; path = AppDataTypes.swift; sourceTree = "<group>"; };
		D475CCDF23E8F2F300678A85 /* ChaptersViewController.swift */ = {isa = PBXFileReference; lastKnownFileType = sourcecode.swift; path = ChaptersViewController.swift; sourceTree = "<group>"; };
		D475CCE123E9293700678A85 /* MainNavigationController.swift */ = {isa = PBXFileReference; lastKnownFileType = sourcecode.swift; path = MainNavigationController.swift; sourceTree = "<group>"; };
		D475CCE423E92D5200678A85 /* MainNavigationBar.swift */ = {isa = PBXFileReference; lastKnownFileType = sourcecode.swift; path = MainNavigationBar.swift; sourceTree = "<group>"; };
		D475CCE623E92E5000678A85 /* MainTabBar.swift */ = {isa = PBXFileReference; lastKnownFileType = sourcecode.swift; path = MainTabBar.swift; sourceTree = "<group>"; };
		D475CCE823E92F9800678A85 /* MainTabBarController.swift */ = {isa = PBXFileReference; lastKnownFileType = sourcecode.swift; path = MainTabBarController.swift; sourceTree = "<group>"; };
		D475CCEA23E934F200678A85 /* ContentViewController.swift */ = {isa = PBXFileReference; lastKnownFileType = sourcecode.swift; path = ContentViewController.swift; sourceTree = "<group>"; };
		D475CCEC23E935F400678A85 /* PagesViewController.swift */ = {isa = PBXFileReference; lastKnownFileType = sourcecode.swift; path = PagesViewController.swift; sourceTree = "<group>"; };
		D475CCEE23E9449600678A85 /* Utilities.swift */ = {isa = PBXFileReference; lastKnownFileType = sourcecode.swift; path = Utilities.swift; sourceTree = "<group>"; };
		D475CCF423E94EF700678A85 /* JavaScriptSnippets.swift */ = {isa = PBXFileReference; lastKnownFileType = sourcecode.swift; path = JavaScriptSnippets.swift; sourceTree = "<group>"; };
		D475CCF623E9521200678A85 /* StoreObserver.swift */ = {isa = PBXFileReference; lastKnownFileType = sourcecode.swift; path = StoreObserver.swift; sourceTree = "<group>"; };
		D475CCF823E9534800678A85 /* AnnotationsManager.swift */ = {isa = PBXFileReference; lastKnownFileType = sourcecode.swift; path = AnnotationsManager.swift; sourceTree = "<group>"; };
		D475CCFA23E9538300678A85 /* BookmarksManager.swift */ = {isa = PBXFileReference; lastKnownFileType = sourcecode.swift; path = BookmarksManager.swift; sourceTree = "<group>"; };
		D475CCFC23E953F200678A85 /* HighlightsManager.swift */ = {isa = PBXFileReference; lastKnownFileType = sourcecode.swift; path = HighlightsManager.swift; sourceTree = "<group>"; };
		D47EFBC323FE4579001E213F /* HighlightSmallTextLabel.swift */ = {isa = PBXFileReference; lastKnownFileType = sourcecode.swift; path = HighlightSmallTextLabel.swift; sourceTree = "<group>"; };
		D47EFBC523FE5B28001E213F /* NoteViewController.swift */ = {isa = PBXFileReference; lastKnownFileType = sourcecode.swift; path = NoteViewController.swift; sourceTree = "<group>"; };
		D47EFBC723FFBB9A001E213F /* MainButton.swift */ = {isa = PBXFileReference; lastKnownFileType = sourcecode.swift; path = MainButton.swift; sourceTree = "<group>"; };
		D481DC3123F515AB00F166B7 /* en */ = {isa = PBXFileReference; lastKnownFileType = text.plist.strings; name = en; path = en.lproj/InfoPlist.strings; sourceTree = "<group>"; };
		D481DC3323F515B000F166B7 /* ja */ = {isa = PBXFileReference; lastKnownFileType = text.plist.strings; name = ja; path = ja.lproj/InfoPlist.strings; sourceTree = "<group>"; };
		D481DC3423F6657B00F166B7 /* JavaScriptFunctions.swift */ = {isa = PBXFileReference; lastKnownFileType = sourcecode.swift; path = JavaScriptFunctions.swift; sourceTree = "<group>"; };
		D481DC3623F678C300F166B7 /* MainWebView.swift */ = {isa = PBXFileReference; lastKnownFileType = sourcecode.swift; path = MainWebView.swift; sourceTree = "<group>"; };
		D4DE983A240F4C4100D87829 /* PurchaseViewController.swift */ = {isa = PBXFileReference; lastKnownFileType = sourcecode.swift; path = PurchaseViewController.swift; sourceTree = "<group>"; };
		D4DE983C240F602200D87829 /* StoreManager.swift */ = {isa = PBXFileReference; lastKnownFileType = sourcecode.swift; path = StoreManager.swift; sourceTree = "<group>"; };
		D4DFE61823F4C0DE0055B6FB /* Images */ = {isa = PBXFileReference; lastKnownFileType = folder; path = Images; sourceTree = "<group>"; };
		D4EBEFFC23F8EF4700275624 /* SettingsViewController.swift */ = {isa = PBXFileReference; lastKnownFileType = sourcecode.swift; path = SettingsViewController.swift; sourceTree = "<group>"; };
		D4EBF00023F906E200275624 /* SettingsViewDelegate.swift */ = {isa = PBXFileReference; lastKnownFileType = sourcecode.swift; path = SettingsViewDelegate.swift; sourceTree = "<group>"; };
		D4EBF00223FA508C00275624 /* HighlightsViewController.swift */ = {isa = PBXFileReference; lastKnownFileType = sourcecode.swift; path = HighlightsViewController.swift; sourceTree = "<group>"; };
		D4EBF00423FA562D00275624 /* HighlightCell.swift */ = {isa = PBXFileReference; lastKnownFileType = sourcecode.swift; path = HighlightCell.swift; sourceTree = "<group>"; };
		D4EBF00623FA726200275624 /* HighlightRegularTextLabel.swift */ = {isa = PBXFileReference; lastKnownFileType = sourcecode.swift; path = HighlightRegularTextLabel.swift; sourceTree = "<group>"; };
		D4EBF00823FBA56B00275624 /* HighlightsViewLayout.swift */ = {isa = PBXFileReference; lastKnownFileType = sourcecode.swift; path = HighlightsViewLayout.swift; sourceTree = "<group>"; };
		F24AEA88112E18282C759158 /* Pods-JapaneseLDSQuad.debug.xcconfig */ = {isa = PBXFileReference; includeInIndex = 1; lastKnownFileType = text.xcconfig; name = "Pods-JapaneseLDSQuad.debug.xcconfig"; path = "Target Support Files/Pods-JapaneseLDSQuad/Pods-JapaneseLDSQuad.debug.xcconfig"; sourceTree = "<group>"; };
/* End PBXFileReference section */

/* Begin PBXFrameworksBuildPhase section */
		D4212A1623E7BC02002CD60A /* Frameworks */ = {
			isa = PBXFrameworksBuildPhase;
			buildActionMask = 2147483647;
			files = (
				2823B2C2E536200F4A8FEF0C /* Pods_JapaneseLDSQuad.framework in Frameworks */,
			);
			runOnlyForDeploymentPostprocessing = 0;
		};
		D4212A2E23E7BC03002CD60A /* Frameworks */ = {
			isa = PBXFrameworksBuildPhase;
			buildActionMask = 2147483647;
			files = (
				02BE677974D70AF963DBB597 /* Pods_JapaneseLDSQuadTests.framework in Frameworks */,
			);
			runOnlyForDeploymentPostprocessing = 0;
		};
		D4212A3923E7BC03002CD60A /* Frameworks */ = {
			isa = PBXFrameworksBuildPhase;
			buildActionMask = 2147483647;
			files = (
				5970B9E5A84ECB5D56E9BC60 /* Pods_JapaneseLDSQuad_JapaneseLDSQuadUITests.framework in Frameworks */,
			);
			runOnlyForDeploymentPostprocessing = 0;
		};
/* End PBXFrameworksBuildPhase section */

/* Begin PBXGroup section */
		5DE32471041E486814CC6881 /* Pods */ = {
			isa = PBXGroup;
			children = (
				F24AEA88112E18282C759158 /* Pods-JapaneseLDSQuad.debug.xcconfig */,
				36031AF5C5271D1558EF428B /* Pods-JapaneseLDSQuad.release.xcconfig */,
				B8D10CC9B7EA018F16C1F2A5 /* Pods-JapaneseLDSQuad-JapaneseLDSQuadUITests.debug.xcconfig */,
				99AE6B2931AB2955F42F7CD5 /* Pods-JapaneseLDSQuad-JapaneseLDSQuadUITests.release.xcconfig */,
				B82BA37907BAA4E42C240009 /* Pods-JapaneseLDSQuadTests.debug.xcconfig */,
				8EE3D764579AE2700B956417 /* Pods-JapaneseLDSQuadTests.release.xcconfig */,
			);
			path = Pods;
			sourceTree = "<group>";
		};
		781C9334303284267A8509A5 /* Frameworks */ = {
			isa = PBXGroup;
			children = (
				8ECEDEF8BAC9BC195B84BE19 /* Pods_JapaneseLDSQuad.framework */,
				494B9A96C68C50ECB05714B4 /* Pods_JapaneseLDSQuad_JapaneseLDSQuadUITests.framework */,
				834A4BDF9547AD8900D05100 /* Pods_JapaneseLDSQuadTests.framework */,
			);
			name = Frameworks;
			sourceTree = "<group>";
		};
		D40B3E6D23E892B600276662 /* Model */ = {
			isa = PBXGroup;
			children = (
				D40B3E6F23E892F900276662 /* Book.swift */,
				D40B3E7123E8932900276662 /* Scripture.swift */,
				D40B3E7723E893BD00276662 /* Bookmark.swift */,
				D40B3E7323E8935F00276662 /* HighlightedScripture.swift */,
				D40B3E7523E8938A00276662 /* HighlightedText.swift */,
			);
			path = Model;
			sourceTree = "<group>";
		};
		D40B3E6E23E892C600276662 /* Controller */ = {
			isa = PBXGroup;
			children = (
				D475CCE823E92F9800678A85 /* MainTabBarController.swift */,
				D475CCE123E9293700678A85 /* MainNavigationController.swift */,
				D4212A2023E7BC02002CD60A /* BooksViewController.swift */,
				D475CCDF23E8F2F300678A85 /* ChaptersViewController.swift */,
				D475CCEC23E935F400678A85 /* PagesViewController.swift */,
				D475CCEA23E934F200678A85 /* ContentViewController.swift */,
				D4212A2223E7BC02002CD60A /* SearchViewController.swift */,
				D40B3E6B23E7F89500276662 /* BookmarksViewController.swift */,
				D4EBF00223FA508C00275624 /* HighlightsViewController.swift */,
				D47EFBC523FE5B28001E213F /* NoteViewController.swift */,
				D41EC6712404CF18001521D8 /* SpeechViewController.swift */,
				D4DE983A240F4C4100D87829 /* PurchaseViewController.swift */,
				D4EBEFFC23F8EF4700275624 /* SettingsViewController.swift */,
			);
			path = Controller;
			sourceTree = "<group>";
		};
		D4212A1023E7BC02002CD60A = {
			isa = PBXGroup;
			children = (
				D4212A1B23E7BC02002CD60A /* JapaneseLDSQuad */,
				D4212A3423E7BC03002CD60A /* JapaneseLDSQuadTests */,
				D4212A3F23E7BC03002CD60A /* JapaneseLDSQuadUITests */,
				D4212A1A23E7BC02002CD60A /* Products */,
				5DE32471041E486814CC6881 /* Pods */,
				781C9334303284267A8509A5 /* Frameworks */,
			);
			sourceTree = "<group>";
		};
		D4212A1A23E7BC02002CD60A /* Products */ = {
			isa = PBXGroup;
			children = (
				D4212A1923E7BC02002CD60A /* JapaneseLDSQuad.app */,
				D4212A3123E7BC03002CD60A /* JapaneseLDSQuadTests.xctest */,
				D4212A3C23E7BC03002CD60A /* JapaneseLDSQuadUITests.xctest */,
			);
			name = Products;
			sourceTree = "<group>";
		};
		D4212A1B23E7BC02002CD60A /* JapaneseLDSQuad */ = {
			isa = PBXGroup;
			children = (
				D40B3E7923E8943200276662 /* JLQ.realm */,
				D4212A1C23E7BC02002CD60A /* AppDelegate.swift */,
				D4212A1E23E7BC02002CD60A /* SceneDelegate.swift */,
				D47156CB2411B2D2002732A8 /* AppProtocols.swift */,
				D40B3E9E23E8E6DD00276662 /* AppExtensions.swift */,
				D47156CF2411BF94002732A8 /* AppDataTypes.swift */,
				D40B3E7B23E896BA00276662 /* Constants.swift */,
				D475CCEE23E9449600678A85 /* Utilities.swift */,
				D41EC66D24034822001521D8 /* SpeechUtilities.swift */,
				D430AFF02412F0BC007E9666 /* RealmManager.swift */,
				D475CCF823E9534800678A85 /* AnnotationsManager.swift */,
				D475CCFA23E9538300678A85 /* BookmarksManager.swift */,
				D475CCFC23E953F200678A85 /* HighlightsManager.swift */,
				D47156CD2411BC11002732A8 /* PurchaseManager.swift */,
				D475CCF623E9521200678A85 /* StoreObserver.swift */,
				D4DE983C240F602200D87829 /* StoreManager.swift */,
				D41EC67324050876001521D8 /* HighlightChangeDelegate.swift */,
				D41EC66924011328001521D8 /* SpeechViewDelegate.swift */,
				D4EBF00023F906E200275624 /* SettingsViewDelegate.swift */,
				D47156C92410BEC5002732A8 /* PurchaseViewDelegate.swift */,
				D44FF28723EC992A0014B30F /* ContentBuilder.swift */,
				D44FF28B23ECAB8E0014B30F /* HymnBuilder.swift */,
				D44FF28D23ECB3460014B30F /* BibleDictionaryBuilder.swift */,
				D481DC3423F6657B00F166B7 /* JavaScriptFunctions.swift */,
				D475CCF423E94EF700678A85 /* JavaScriptSnippets.swift */,
				D40B3E6E23E892C600276662 /* Controller */,
				D40B3E6D23E892B600276662 /* Model */,
				D475CCE323E92D2600678A85 /* View */,
				D4212A2423E7BC02002CD60A /* Main.storyboard */,
				D4212A2923E7BC02002CD60A /* LaunchScreen.storyboard */,
				D4212A2C23E7BC02002CD60A /* Info.plist */,
				D40B3E9523E8E1B400276662 /* Localizable.strings */,
				D481DC3223F515AB00F166B7 /* InfoPlist.strings */,
				D4DFE61823F4C0DE0055B6FB /* Images */,
				D4212A2723E7BC02002CD60A /* Assets.xcassets */,
			);
			path = JapaneseLDSQuad;
			sourceTree = "<group>";
		};
		D4212A3423E7BC03002CD60A /* JapaneseLDSQuadTests */ = {
			isa = PBXGroup;
			children = (
				D4212A3523E7BC03002CD60A /* JapaneseLDSQuadTests.swift */,
				D4212A3723E7BC03002CD60A /* Info.plist */,
			);
			path = JapaneseLDSQuadTests;
			sourceTree = "<group>";
		};
		D4212A3F23E7BC03002CD60A /* JapaneseLDSQuadUITests */ = {
			isa = PBXGroup;
			children = (
				D4212A4023E7BC03002CD60A /* JapaneseLDSQuadUITests.swift */,
				D4212A4223E7BC03002CD60A /* Info.plist */,
			);
			path = JapaneseLDSQuadUITests;
			sourceTree = "<group>";
		};
		D475CCE323E92D2600678A85 /* View */ = {
			isa = PBXGroup;
			children = (
				D47EFBC723FFBB9A001E213F /* MainButton.swift */,
				D475CCE623E92E5000678A85 /* MainTabBar.swift */,
				D475CCE423E92D5200678A85 /* MainNavigationBar.swift */,
				D44FF28523EA91990014B30F /* MainIndicatorView.swift */,
				D481DC3623F678C300F166B7 /* MainWebView.swift */,
				D4EBF00823FBA56B00275624 /* HighlightsViewLayout.swift */,
				D4EBF00423FA562D00275624 /* HighlightCell.swift */,
				D4EBF00623FA726200275624 /* HighlightRegularTextLabel.swift */,
				D47EFBC323FE4579001E213F /* HighlightSmallTextLabel.swift */,
			);
			path = View;
			sourceTree = "<group>";
		};
/* End PBXGroup section */

/* Begin PBXNativeTarget section */
		D4212A1823E7BC02002CD60A /* JapaneseLDSQuad */ = {
			isa = PBXNativeTarget;
			buildConfigurationList = D4212A4523E7BC03002CD60A /* Build configuration list for PBXNativeTarget "JapaneseLDSQuad" */;
			buildPhases = (
				B0CB76932E29F412F6C9A416 /* [CP] Check Pods Manifest.lock */,
				D4212A1523E7BC02002CD60A /* Sources */,
				D4212A1623E7BC02002CD60A /* Frameworks */,
				D4212A1723E7BC02002CD60A /* Resources */,
				01A05132AF9F04C278139E7F /* [CP] Embed Pods Frameworks */,
			);
			buildRules = (
			);
			dependencies = (
			);
			name = JapaneseLDSQuad;
			productName = JapaneseLDSQuad;
			productReference = D4212A1923E7BC02002CD60A /* JapaneseLDSQuad.app */;
			productType = "com.apple.product-type.application";
		};
		D4212A3023E7BC03002CD60A /* JapaneseLDSQuadTests */ = {
			isa = PBXNativeTarget;
			buildConfigurationList = D4212A4823E7BC03002CD60A /* Build configuration list for PBXNativeTarget "JapaneseLDSQuadTests" */;
			buildPhases = (
				287E1BF6F01F10341BDEDDDE /* [CP] Check Pods Manifest.lock */,
				D4212A2D23E7BC03002CD60A /* Sources */,
				D4212A2E23E7BC03002CD60A /* Frameworks */,
				D4212A2F23E7BC03002CD60A /* Resources */,
			);
			buildRules = (
			);
			dependencies = (
				D4212A3323E7BC03002CD60A /* PBXTargetDependency */,
			);
			name = JapaneseLDSQuadTests;
			productName = JapaneseLDSQuadTests;
			productReference = D4212A3123E7BC03002CD60A /* JapaneseLDSQuadTests.xctest */;
			productType = "com.apple.product-type.bundle.unit-test";
		};
		D4212A3B23E7BC03002CD60A /* JapaneseLDSQuadUITests */ = {
			isa = PBXNativeTarget;
			buildConfigurationList = D4212A4B23E7BC03002CD60A /* Build configuration list for PBXNativeTarget "JapaneseLDSQuadUITests" */;
			buildPhases = (
				D02E54E3300F0C9F982851E5 /* [CP] Check Pods Manifest.lock */,
				D4212A3823E7BC03002CD60A /* Sources */,
				D4212A3923E7BC03002CD60A /* Frameworks */,
				D4212A3A23E7BC03002CD60A /* Resources */,
				1E36972B0998891E65F19C4A /* [CP] Embed Pods Frameworks */,
			);
			buildRules = (
			);
			dependencies = (
				D4212A3E23E7BC03002CD60A /* PBXTargetDependency */,
			);
			name = JapaneseLDSQuadUITests;
			productName = JapaneseLDSQuadUITests;
			productReference = D4212A3C23E7BC03002CD60A /* JapaneseLDSQuadUITests.xctest */;
			productType = "com.apple.product-type.bundle.ui-testing";
		};
/* End PBXNativeTarget section */

/* Begin PBXProject section */
		D4212A1123E7BC02002CD60A /* Project object */ = {
			isa = PBXProject;
			attributes = {
				LastSwiftUpdateCheck = 1130;
				LastUpgradeCheck = 1130;
				ORGANIZATIONNAME = nozokada;
				TargetAttributes = {
					D4212A1823E7BC02002CD60A = {
						CreatedOnToolsVersion = 11.3;
					};
					D4212A3023E7BC03002CD60A = {
						CreatedOnToolsVersion = 11.3;
						TestTargetID = D4212A1823E7BC02002CD60A;
					};
					D4212A3B23E7BC03002CD60A = {
						CreatedOnToolsVersion = 11.3;
						TestTargetID = D4212A1823E7BC02002CD60A;
					};
				};
			};
			buildConfigurationList = D4212A1423E7BC02002CD60A /* Build configuration list for PBXProject "JapaneseLDSQuad" */;
			compatibilityVersion = "Xcode 9.3";
			developmentRegion = en;
			hasScannedForEncodings = 0;
			knownRegions = (
				en,
				Base,
				ja,
			);
			mainGroup = D4212A1023E7BC02002CD60A;
			productRefGroup = D4212A1A23E7BC02002CD60A /* Products */;
			projectDirPath = "";
			projectRoot = "";
			targets = (
				D4212A1823E7BC02002CD60A /* JapaneseLDSQuad */,
				D4212A3023E7BC03002CD60A /* JapaneseLDSQuadTests */,
				D4212A3B23E7BC03002CD60A /* JapaneseLDSQuadUITests */,
			);
		};
/* End PBXProject section */

/* Begin PBXResourcesBuildPhase section */
		D4212A1723E7BC02002CD60A /* Resources */ = {
			isa = PBXResourcesBuildPhase;
			buildActionMask = 2147483647;
			files = (
				D40B3E9323E8E1B400276662 /* Localizable.strings in Resources */,
				D481DC3023F515AB00F166B7 /* InfoPlist.strings in Resources */,
				D4212A2B23E7BC02002CD60A /* LaunchScreen.storyboard in Resources */,
				D4DFE61923F4C0DE0055B6FB /* Images in Resources */,
				D4212A2823E7BC02002CD60A /* Assets.xcassets in Resources */,
				D4212A2623E7BC02002CD60A /* Main.storyboard in Resources */,
				D40B3E7A23E8943200276662 /* JLQ.realm in Resources */,
			);
			runOnlyForDeploymentPostprocessing = 0;
		};
		D4212A2F23E7BC03002CD60A /* Resources */ = {
			isa = PBXResourcesBuildPhase;
			buildActionMask = 2147483647;
			files = (
			);
			runOnlyForDeploymentPostprocessing = 0;
		};
		D4212A3A23E7BC03002CD60A /* Resources */ = {
			isa = PBXResourcesBuildPhase;
			buildActionMask = 2147483647;
			files = (
			);
			runOnlyForDeploymentPostprocessing = 0;
		};
/* End PBXResourcesBuildPhase section */

/* Begin PBXShellScriptBuildPhase section */
		01A05132AF9F04C278139E7F /* [CP] Embed Pods Frameworks */ = {
			isa = PBXShellScriptBuildPhase;
			buildActionMask = 2147483647;
			files = (
			);
			inputFileListPaths = (
				"${PODS_ROOT}/Target Support Files/Pods-JapaneseLDSQuad/Pods-JapaneseLDSQuad-frameworks-${CONFIGURATION}-input-files.xcfilelist",
			);
			name = "[CP] Embed Pods Frameworks";
			outputFileListPaths = (
				"${PODS_ROOT}/Target Support Files/Pods-JapaneseLDSQuad/Pods-JapaneseLDSQuad-frameworks-${CONFIGURATION}-output-files.xcfilelist",
			);
			runOnlyForDeploymentPostprocessing = 0;
			shellPath = /bin/sh;
			shellScript = "\"${PODS_ROOT}/Target Support Files/Pods-JapaneseLDSQuad/Pods-JapaneseLDSQuad-frameworks.sh\"\n";
			showEnvVarsInLog = 0;
		};
		1E36972B0998891E65F19C4A /* [CP] Embed Pods Frameworks */ = {
			isa = PBXShellScriptBuildPhase;
			buildActionMask = 2147483647;
			files = (
			);
			inputFileListPaths = (
				"${PODS_ROOT}/Target Support Files/Pods-JapaneseLDSQuad-JapaneseLDSQuadUITests/Pods-JapaneseLDSQuad-JapaneseLDSQuadUITests-frameworks-${CONFIGURATION}-input-files.xcfilelist",
			);
			name = "[CP] Embed Pods Frameworks";
			outputFileListPaths = (
				"${PODS_ROOT}/Target Support Files/Pods-JapaneseLDSQuad-JapaneseLDSQuadUITests/Pods-JapaneseLDSQuad-JapaneseLDSQuadUITests-frameworks-${CONFIGURATION}-output-files.xcfilelist",
			);
			runOnlyForDeploymentPostprocessing = 0;
			shellPath = /bin/sh;
			shellScript = "\"${PODS_ROOT}/Target Support Files/Pods-JapaneseLDSQuad-JapaneseLDSQuadUITests/Pods-JapaneseLDSQuad-JapaneseLDSQuadUITests-frameworks.sh\"\n";
			showEnvVarsInLog = 0;
		};
		287E1BF6F01F10341BDEDDDE /* [CP] Check Pods Manifest.lock */ = {
			isa = PBXShellScriptBuildPhase;
			buildActionMask = 2147483647;
			files = (
			);
			inputFileListPaths = (
			);
			inputPaths = (
				"${PODS_PODFILE_DIR_PATH}/Podfile.lock",
				"${PODS_ROOT}/Manifest.lock",
			);
			name = "[CP] Check Pods Manifest.lock";
			outputFileListPaths = (
			);
			outputPaths = (
				"$(DERIVED_FILE_DIR)/Pods-JapaneseLDSQuadTests-checkManifestLockResult.txt",
			);
			runOnlyForDeploymentPostprocessing = 0;
			shellPath = /bin/sh;
			shellScript = "diff \"${PODS_PODFILE_DIR_PATH}/Podfile.lock\" \"${PODS_ROOT}/Manifest.lock\" > /dev/null\nif [ $? != 0 ] ; then\n    # print error to STDERR\n    echo \"error: The sandbox is not in sync with the Podfile.lock. Run 'pod install' or update your CocoaPods installation.\" >&2\n    exit 1\nfi\n# This output is used by Xcode 'outputs' to avoid re-running this script phase.\necho \"SUCCESS\" > \"${SCRIPT_OUTPUT_FILE_0}\"\n";
			showEnvVarsInLog = 0;
		};
		B0CB76932E29F412F6C9A416 /* [CP] Check Pods Manifest.lock */ = {
			isa = PBXShellScriptBuildPhase;
			buildActionMask = 2147483647;
			files = (
			);
			inputFileListPaths = (
			);
			inputPaths = (
				"${PODS_PODFILE_DIR_PATH}/Podfile.lock",
				"${PODS_ROOT}/Manifest.lock",
			);
			name = "[CP] Check Pods Manifest.lock";
			outputFileListPaths = (
			);
			outputPaths = (
				"$(DERIVED_FILE_DIR)/Pods-JapaneseLDSQuad-checkManifestLockResult.txt",
			);
			runOnlyForDeploymentPostprocessing = 0;
			shellPath = /bin/sh;
			shellScript = "diff \"${PODS_PODFILE_DIR_PATH}/Podfile.lock\" \"${PODS_ROOT}/Manifest.lock\" > /dev/null\nif [ $? != 0 ] ; then\n    # print error to STDERR\n    echo \"error: The sandbox is not in sync with the Podfile.lock. Run 'pod install' or update your CocoaPods installation.\" >&2\n    exit 1\nfi\n# This output is used by Xcode 'outputs' to avoid re-running this script phase.\necho \"SUCCESS\" > \"${SCRIPT_OUTPUT_FILE_0}\"\n";
			showEnvVarsInLog = 0;
		};
		D02E54E3300F0C9F982851E5 /* [CP] Check Pods Manifest.lock */ = {
			isa = PBXShellScriptBuildPhase;
			buildActionMask = 2147483647;
			files = (
			);
			inputFileListPaths = (
			);
			inputPaths = (
				"${PODS_PODFILE_DIR_PATH}/Podfile.lock",
				"${PODS_ROOT}/Manifest.lock",
			);
			name = "[CP] Check Pods Manifest.lock";
			outputFileListPaths = (
			);
			outputPaths = (
				"$(DERIVED_FILE_DIR)/Pods-JapaneseLDSQuad-JapaneseLDSQuadUITests-checkManifestLockResult.txt",
			);
			runOnlyForDeploymentPostprocessing = 0;
			shellPath = /bin/sh;
			shellScript = "diff \"${PODS_PODFILE_DIR_PATH}/Podfile.lock\" \"${PODS_ROOT}/Manifest.lock\" > /dev/null\nif [ $? != 0 ] ; then\n    # print error to STDERR\n    echo \"error: The sandbox is not in sync with the Podfile.lock. Run 'pod install' or update your CocoaPods installation.\" >&2\n    exit 1\nfi\n# This output is used by Xcode 'outputs' to avoid re-running this script phase.\necho \"SUCCESS\" > \"${SCRIPT_OUTPUT_FILE_0}\"\n";
			showEnvVarsInLog = 0;
		};
/* End PBXShellScriptBuildPhase section */

/* Begin PBXSourcesBuildPhase section */
		D4212A1523E7BC02002CD60A /* Sources */ = {
			isa = PBXSourcesBuildPhase;
			buildActionMask = 2147483647;
			files = (
				D40B3E6C23E7F89500276662 /* BookmarksViewController.swift in Sources */,
				D4DE983D240F602200D87829 /* StoreManager.swift in Sources */,
				D40B3E7C23E896BA00276662 /* Constants.swift in Sources */,
				D47156CA2410BEC5002732A8 /* PurchaseViewDelegate.swift in Sources */,
				D4212A2323E7BC02002CD60A /* SearchViewController.swift in Sources */,
				D40B3E7023E892F900276662 /* Book.swift in Sources */,
				D47EFBC823FFBB9A001E213F /* MainButton.swift in Sources */,
				D41EC67424050876001521D8 /* HighlightChangeDelegate.swift in Sources */,
				D475CCEB23E934F200678A85 /* ContentViewController.swift in Sources */,
				D475CCE223E9293700678A85 /* MainNavigationController.swift in Sources */,
				D475CCF923E9534800678A85 /* AnnotationsManager.swift in Sources */,
				D4EBEFFD23F8EF4700275624 /* SettingsViewController.swift in Sources */,
				D475CCE523E92D5200678A85 /* MainNavigationBar.swift in Sources */,
				D41EC66A24011328001521D8 /* SpeechViewDelegate.swift in Sources */,
				D40B3E7223E8932900276662 /* Scripture.swift in Sources */,
				D4EBF00123F906E200275624 /* SettingsViewDelegate.swift in Sources */,
				D4EBF00923FBA56B00275624 /* HighlightsViewLayout.swift in Sources */,
				D475CCE023E8F2F300678A85 /* ChaptersViewController.swift in Sources */,
				D4EBF00723FA726200275624 /* HighlightRegularTextLabel.swift in Sources */,
				D41EC66E24034822001521D8 /* SpeechUtilities.swift in Sources */,
				D4212A2123E7BC02002CD60A /* BooksViewController.swift in Sources */,
				D44FF28623EA91990014B30F /* MainIndicatorView.swift in Sources */,
				D47156CE2411BC11002732A8 /* PurchaseManager.swift in Sources */,
				D430AFF12412F0BC007E9666 /* RealmManager.swift in Sources */,
				D4DE983B240F4C4100D87829 /* PurchaseViewController.swift in Sources */,
				D475CCFB23E9538300678A85 /* BookmarksManager.swift in Sources */,
				D475CCF523E94EF700678A85 /* JavaScriptSnippets.swift in Sources */,
				D475CCFD23E953F200678A85 /* HighlightsManager.swift in Sources */,
				D40B3E7823E893BD00276662 /* Bookmark.swift in Sources */,
				D47EFBC623FE5B28001E213F /* NoteViewController.swift in Sources */,
				D44FF28C23ECAB8E0014B30F /* HymnBuilder.swift in Sources */,
				D44FF28E23ECB3460014B30F /* BibleDictionaryBuilder.swift in Sources */,
				D41EC6722404CF18001521D8 /* SpeechViewController.swift in Sources */,
				D4212A1D23E7BC02002CD60A /* AppDelegate.swift in Sources */,
				D475CCED23E935F400678A85 /* PagesViewController.swift in Sources */,
				D40B3E9F23E8E6DD00276662 /* AppExtensions.swift in Sources */,
				D475CCE723E92E5000678A85 /* MainTabBar.swift in Sources */,
				D44FF28823EC992A0014B30F /* ContentBuilder.swift in Sources */,
				D4EBF00323FA508C00275624 /* HighlightsViewController.swift in Sources */,
				D40B3E7423E8935F00276662 /* HighlightedScripture.swift in Sources */,
				D47156CC2411B2D2002732A8 /* AppProtocols.swift in Sources */,
				D40B3E7623E8938A00276662 /* HighlightedText.swift in Sources */,
				D4212A1F23E7BC02002CD60A /* SceneDelegate.swift in Sources */,
				D475CCE923E92F9800678A85 /* MainTabBarController.swift in Sources */,
				D4EBF00523FA562D00275624 /* HighlightCell.swift in Sources */,
				D481DC3523F6657B00F166B7 /* JavaScriptFunctions.swift in Sources */,
				D47EFBC423FE4579001E213F /* HighlightSmallTextLabel.swift in Sources */,
				D475CCF723E9521200678A85 /* StoreObserver.swift in Sources */,
				D47156D02411BF94002732A8 /* AppDataTypes.swift in Sources */,
				D481DC3723F678C300F166B7 /* MainWebView.swift in Sources */,
				D475CCEF23E9449600678A85 /* Utilities.swift in Sources */,
			);
			runOnlyForDeploymentPostprocessing = 0;
		};
		D4212A2D23E7BC03002CD60A /* Sources */ = {
			isa = PBXSourcesBuildPhase;
			buildActionMask = 2147483647;
			files = (
				D4212A3623E7BC03002CD60A /* JapaneseLDSQuadTests.swift in Sources */,
			);
			runOnlyForDeploymentPostprocessing = 0;
		};
		D4212A3823E7BC03002CD60A /* Sources */ = {
			isa = PBXSourcesBuildPhase;
			buildActionMask = 2147483647;
			files = (
				D4212A4123E7BC03002CD60A /* JapaneseLDSQuadUITests.swift in Sources */,
			);
			runOnlyForDeploymentPostprocessing = 0;
		};
/* End PBXSourcesBuildPhase section */

/* Begin PBXTargetDependency section */
		D4212A3323E7BC03002CD60A /* PBXTargetDependency */ = {
			isa = PBXTargetDependency;
			target = D4212A1823E7BC02002CD60A /* JapaneseLDSQuad */;
			targetProxy = D4212A3223E7BC03002CD60A /* PBXContainerItemProxy */;
		};
		D4212A3E23E7BC03002CD60A /* PBXTargetDependency */ = {
			isa = PBXTargetDependency;
			target = D4212A1823E7BC02002CD60A /* JapaneseLDSQuad */;
			targetProxy = D4212A3D23E7BC03002CD60A /* PBXContainerItemProxy */;
		};
/* End PBXTargetDependency section */

/* Begin PBXVariantGroup section */
		D40B3E9523E8E1B400276662 /* Localizable.strings */ = {
			isa = PBXVariantGroup;
			children = (
				D40B3E9623E8E1D200276662 /* en */,
				D40B3E9723E8E1E700276662 /* ja */,
			);
			name = Localizable.strings;
			sourceTree = "<group>";
		};
		D4212A2423E7BC02002CD60A /* Main.storyboard */ = {
			isa = PBXVariantGroup;
			children = (
				D4212A2523E7BC02002CD60A /* Base */,
				D40B3E8F23E8E17F00276662 /* ja */,
			);
			name = Main.storyboard;
			sourceTree = "<group>";
		};
		D4212A2923E7BC02002CD60A /* LaunchScreen.storyboard */ = {
			isa = PBXVariantGroup;
			children = (
				D4212A2A23E7BC02002CD60A /* Base */,
				D40B3E9023E8E17F00276662 /* ja */,
			);
			name = LaunchScreen.storyboard;
			sourceTree = "<group>";
		};
		D481DC3223F515AB00F166B7 /* InfoPlist.strings */ = {
			isa = PBXVariantGroup;
			children = (
				D481DC3123F515AB00F166B7 /* en */,
				D481DC3323F515B000F166B7 /* ja */,
			);
			name = InfoPlist.strings;
			sourceTree = "<group>";
		};
/* End PBXVariantGroup section */

/* Begin XCBuildConfiguration section */
		D4212A4323E7BC03002CD60A /* Debug */ = {
			isa = XCBuildConfiguration;
			buildSettings = {
				ALWAYS_SEARCH_USER_PATHS = NO;
				CLANG_ANALYZER_LOCALIZABILITY_NONLOCALIZED = YES;
				CLANG_ANALYZER_NONNULL = YES;
				CLANG_ANALYZER_NUMBER_OBJECT_CONVERSION = YES_AGGRESSIVE;
				CLANG_CXX_LANGUAGE_STANDARD = "gnu++14";
				CLANG_CXX_LIBRARY = "libc++";
				CLANG_ENABLE_MODULES = YES;
				CLANG_ENABLE_OBJC_ARC = YES;
				CLANG_ENABLE_OBJC_WEAK = YES;
				CLANG_WARN_BLOCK_CAPTURE_AUTORELEASING = YES;
				CLANG_WARN_BOOL_CONVERSION = YES;
				CLANG_WARN_COMMA = YES;
				CLANG_WARN_CONSTANT_CONVERSION = YES;
				CLANG_WARN_DEPRECATED_OBJC_IMPLEMENTATIONS = YES;
				CLANG_WARN_DIRECT_OBJC_ISA_USAGE = YES_ERROR;
				CLANG_WARN_DOCUMENTATION_COMMENTS = YES;
				CLANG_WARN_EMPTY_BODY = YES;
				CLANG_WARN_ENUM_CONVERSION = YES;
				CLANG_WARN_INFINITE_RECURSION = YES;
				CLANG_WARN_INT_CONVERSION = YES;
				CLANG_WARN_NON_LITERAL_NULL_CONVERSION = YES;
				CLANG_WARN_OBJC_IMPLICIT_RETAIN_SELF = YES;
				CLANG_WARN_OBJC_LITERAL_CONVERSION = YES;
				CLANG_WARN_OBJC_ROOT_CLASS = YES_ERROR;
				CLANG_WARN_RANGE_LOOP_ANALYSIS = YES;
				CLANG_WARN_STRICT_PROTOTYPES = YES;
				CLANG_WARN_SUSPICIOUS_MOVE = YES;
				CLANG_WARN_UNGUARDED_AVAILABILITY = YES_AGGRESSIVE;
				CLANG_WARN_UNREACHABLE_CODE = YES;
				CLANG_WARN__DUPLICATE_METHOD_MATCH = YES;
				COPY_PHASE_STRIP = NO;
				DEBUG_INFORMATION_FORMAT = dwarf;
				ENABLE_STRICT_OBJC_MSGSEND = YES;
				ENABLE_TESTABILITY = YES;
				GCC_C_LANGUAGE_STANDARD = gnu11;
				GCC_DYNAMIC_NO_PIC = NO;
				GCC_NO_COMMON_BLOCKS = YES;
				GCC_OPTIMIZATION_LEVEL = 0;
				GCC_PREPROCESSOR_DEFINITIONS = (
					"DEBUG=1",
					"$(inherited)",
				);
				GCC_WARN_64_TO_32_BIT_CONVERSION = YES;
				GCC_WARN_ABOUT_RETURN_TYPE = YES_ERROR;
				GCC_WARN_UNDECLARED_SELECTOR = YES;
				GCC_WARN_UNINITIALIZED_AUTOS = YES_AGGRESSIVE;
				GCC_WARN_UNUSED_FUNCTION = YES;
				GCC_WARN_UNUSED_VARIABLE = YES;
				IPHONEOS_DEPLOYMENT_TARGET = 13.2;
				MTL_ENABLE_DEBUG_INFO = INCLUDE_SOURCE;
				MTL_FAST_MATH = YES;
				ONLY_ACTIVE_ARCH = YES;
				SDKROOT = iphoneos;
				SWIFT_ACTIVE_COMPILATION_CONDITIONS = DEBUG;
				SWIFT_OPTIMIZATION_LEVEL = "-Onone";
			};
			name = Debug;
		};
		D4212A4423E7BC03002CD60A /* Release */ = {
			isa = XCBuildConfiguration;
			buildSettings = {
				ALWAYS_SEARCH_USER_PATHS = NO;
				CLANG_ANALYZER_LOCALIZABILITY_NONLOCALIZED = YES;
				CLANG_ANALYZER_NONNULL = YES;
				CLANG_ANALYZER_NUMBER_OBJECT_CONVERSION = YES_AGGRESSIVE;
				CLANG_CXX_LANGUAGE_STANDARD = "gnu++14";
				CLANG_CXX_LIBRARY = "libc++";
				CLANG_ENABLE_MODULES = YES;
				CLANG_ENABLE_OBJC_ARC = YES;
				CLANG_ENABLE_OBJC_WEAK = YES;
				CLANG_WARN_BLOCK_CAPTURE_AUTORELEASING = YES;
				CLANG_WARN_BOOL_CONVERSION = YES;
				CLANG_WARN_COMMA = YES;
				CLANG_WARN_CONSTANT_CONVERSION = YES;
				CLANG_WARN_DEPRECATED_OBJC_IMPLEMENTATIONS = YES;
				CLANG_WARN_DIRECT_OBJC_ISA_USAGE = YES_ERROR;
				CLANG_WARN_DOCUMENTATION_COMMENTS = YES;
				CLANG_WARN_EMPTY_BODY = YES;
				CLANG_WARN_ENUM_CONVERSION = YES;
				CLANG_WARN_INFINITE_RECURSION = YES;
				CLANG_WARN_INT_CONVERSION = YES;
				CLANG_WARN_NON_LITERAL_NULL_CONVERSION = YES;
				CLANG_WARN_OBJC_IMPLICIT_RETAIN_SELF = YES;
				CLANG_WARN_OBJC_LITERAL_CONVERSION = YES;
				CLANG_WARN_OBJC_ROOT_CLASS = YES_ERROR;
				CLANG_WARN_RANGE_LOOP_ANALYSIS = YES;
				CLANG_WARN_STRICT_PROTOTYPES = YES;
				CLANG_WARN_SUSPICIOUS_MOVE = YES;
				CLANG_WARN_UNGUARDED_AVAILABILITY = YES_AGGRESSIVE;
				CLANG_WARN_UNREACHABLE_CODE = YES;
				CLANG_WARN__DUPLICATE_METHOD_MATCH = YES;
				COPY_PHASE_STRIP = NO;
				DEBUG_INFORMATION_FORMAT = "dwarf-with-dsym";
				ENABLE_NS_ASSERTIONS = NO;
				ENABLE_STRICT_OBJC_MSGSEND = YES;
				GCC_C_LANGUAGE_STANDARD = gnu11;
				GCC_NO_COMMON_BLOCKS = YES;
				GCC_WARN_64_TO_32_BIT_CONVERSION = YES;
				GCC_WARN_ABOUT_RETURN_TYPE = YES_ERROR;
				GCC_WARN_UNDECLARED_SELECTOR = YES;
				GCC_WARN_UNINITIALIZED_AUTOS = YES_AGGRESSIVE;
				GCC_WARN_UNUSED_FUNCTION = YES;
				GCC_WARN_UNUSED_VARIABLE = YES;
				IPHONEOS_DEPLOYMENT_TARGET = 13.2;
				MTL_ENABLE_DEBUG_INFO = NO;
				MTL_FAST_MATH = YES;
				SDKROOT = iphoneos;
				SWIFT_COMPILATION_MODE = wholemodule;
				SWIFT_OPTIMIZATION_LEVEL = "-O";
				VALIDATE_PRODUCT = YES;
			};
			name = Release;
		};
		D4212A4623E7BC03002CD60A /* Debug */ = {
			isa = XCBuildConfiguration;
			baseConfigurationReference = F24AEA88112E18282C759158 /* Pods-JapaneseLDSQuad.debug.xcconfig */;
			buildSettings = {
				ASSETCATALOG_COMPILER_APPICON_NAME = AppIcon;
				CODE_SIGN_STYLE = Automatic;
				CURRENT_PROJECT_VERSION = 6;
				DEVELOPMENT_TEAM = EPF2DMU2WE;
				INFOPLIST_FILE = JapaneseLDSQuad/Info.plist;
				IPHONEOS_DEPLOYMENT_TARGET = 11.0;
				LD_RUNPATH_SEARCH_PATHS = (
					"$(inherited)",
					"@executable_path/Frameworks",
				);
				MARKETING_VERSION = 4.0;
				PRODUCT_BUNDLE_IDENTIFIER = com.nozokada.JapaneseLDSQuad;
				PRODUCT_NAME = "$(TARGET_NAME)";
				SWIFT_VERSION = 5.0;
				TARGETED_DEVICE_FAMILY = "1,2";
			};
			name = Debug;
		};
		D4212A4723E7BC03002CD60A /* Release */ = {
			isa = XCBuildConfiguration;
			baseConfigurationReference = 36031AF5C5271D1558EF428B /* Pods-JapaneseLDSQuad.release.xcconfig */;
			buildSettings = {
				ASSETCATALOG_COMPILER_APPICON_NAME = AppIcon;
				CODE_SIGN_STYLE = Automatic;
				CURRENT_PROJECT_VERSION = 6;
				DEVELOPMENT_TEAM = EPF2DMU2WE;
				INFOPLIST_FILE = JapaneseLDSQuad/Info.plist;
				IPHONEOS_DEPLOYMENT_TARGET = 11.0;
				LD_RUNPATH_SEARCH_PATHS = (
					"$(inherited)",
					"@executable_path/Frameworks",
				);
				MARKETING_VERSION = 4.0;
				PRODUCT_BUNDLE_IDENTIFIER = com.nozokada.JapaneseLDSQuad;
				PRODUCT_NAME = "$(TARGET_NAME)";
				SWIFT_VERSION = 5.0;
				TARGETED_DEVICE_FAMILY = "1,2";
			};
			name = Release;
		};
		D4212A4923E7BC03002CD60A /* Debug */ = {
			isa = XCBuildConfiguration;
			baseConfigurationReference = B82BA37907BAA4E42C240009 /* Pods-JapaneseLDSQuadTests.debug.xcconfig */;
			buildSettings = {
				ALWAYS_EMBED_SWIFT_STANDARD_LIBRARIES = YES;
				BUNDLE_LOADER = "$(TEST_HOST)";
				CODE_SIGN_STYLE = Automatic;
				DEVELOPMENT_TEAM = EPF2DMU2WE;
				INFOPLIST_FILE = JapaneseLDSQuadTests/Info.plist;
				IPHONEOS_DEPLOYMENT_TARGET = 13.2;
				LD_RUNPATH_SEARCH_PATHS = (
					"$(inherited)",
					"@executable_path/Frameworks",
					"@loader_path/Frameworks",
				);
				PRODUCT_BUNDLE_IDENTIFIER = com.nozokada.JapaneseLDSQuadTests;
				PRODUCT_NAME = "$(TARGET_NAME)";
				SWIFT_VERSION = 5.0;
				TARGETED_DEVICE_FAMILY = "1,2";
				TEST_HOST = "$(BUILT_PRODUCTS_DIR)/JapaneseLDSQuad.app/JapaneseLDSQuad";
			};
			name = Debug;
		};
		D4212A4A23E7BC03002CD60A /* Release */ = {
			isa = XCBuildConfiguration;
			baseConfigurationReference = 8EE3D764579AE2700B956417 /* Pods-JapaneseLDSQuadTests.release.xcconfig */;
			buildSettings = {
				ALWAYS_EMBED_SWIFT_STANDARD_LIBRARIES = YES;
				BUNDLE_LOADER = "$(TEST_HOST)";
				CODE_SIGN_STYLE = Automatic;
				DEVELOPMENT_TEAM = EPF2DMU2WE;
				INFOPLIST_FILE = JapaneseLDSQuadTests/Info.plist;
				IPHONEOS_DEPLOYMENT_TARGET = 13.2;
				LD_RUNPATH_SEARCH_PATHS = (
					"$(inherited)",
					"@executable_path/Frameworks",
					"@loader_path/Frameworks",
				);
				PRODUCT_BUNDLE_IDENTIFIER = com.nozokada.JapaneseLDSQuadTests;
				PRODUCT_NAME = "$(TARGET_NAME)";
				SWIFT_VERSION = 5.0;
				TARGETED_DEVICE_FAMILY = "1,2";
				TEST_HOST = "$(BUILT_PRODUCTS_DIR)/JapaneseLDSQuad.app/JapaneseLDSQuad";
			};
			name = Release;
		};
		D4212A4C23E7BC03002CD60A /* Debug */ = {
			isa = XCBuildConfiguration;
			baseConfigurationReference = B8D10CC9B7EA018F16C1F2A5 /* Pods-JapaneseLDSQuad-JapaneseLDSQuadUITests.debug.xcconfig */;
			buildSettings = {
				ALWAYS_EMBED_SWIFT_STANDARD_LIBRARIES = YES;
				CODE_SIGN_STYLE = Automatic;
				DEVELOPMENT_TEAM = EPF2DMU2WE;
				INFOPLIST_FILE = JapaneseLDSQuadUITests/Info.plist;
				LD_RUNPATH_SEARCH_PATHS = (
					"$(inherited)",
					"@executable_path/Frameworks",
					"@loader_path/Frameworks",
				);
				PRODUCT_BUNDLE_IDENTIFIER = com.nozokada.JapaneseLDSQuadUITests;
				PRODUCT_NAME = "$(TARGET_NAME)";
				SWIFT_VERSION = 5.0;
				TARGETED_DEVICE_FAMILY = "1,2";
				TEST_TARGET_NAME = JapaneseLDSQuad;
			};
			name = Debug;
		};
		D4212A4D23E7BC03002CD60A /* Release */ = {
			isa = XCBuildConfiguration;
			baseConfigurationReference = 99AE6B2931AB2955F42F7CD5 /* Pods-JapaneseLDSQuad-JapaneseLDSQuadUITests.release.xcconfig */;
			buildSettings = {
				ALWAYS_EMBED_SWIFT_STANDARD_LIBRARIES = YES;
				CODE_SIGN_STYLE = Automatic;
				DEVELOPMENT_TEAM = EPF2DMU2WE;
				INFOPLIST_FILE = JapaneseLDSQuadUITests/Info.plist;
				LD_RUNPATH_SEARCH_PATHS = (
					"$(inherited)",
					"@executable_path/Frameworks",
					"@loader_path/Frameworks",
				);
				PRODUCT_BUNDLE_IDENTIFIER = com.nozokada.JapaneseLDSQuadUITests;
				PRODUCT_NAME = "$(TARGET_NAME)";
				SWIFT_VERSION = 5.0;
				TARGETED_DEVICE_FAMILY = "1,2";
				TEST_TARGET_NAME = JapaneseLDSQuad;
			};
			name = Release;
		};
/* End XCBuildConfiguration section */

/* Begin XCConfigurationList section */
		D4212A1423E7BC02002CD60A /* Build configuration list for PBXProject "JapaneseLDSQuad" */ = {
			isa = XCConfigurationList;
			buildConfigurations = (
				D4212A4323E7BC03002CD60A /* Debug */,
				D4212A4423E7BC03002CD60A /* Release */,
			);
			defaultConfigurationIsVisible = 0;
			defaultConfigurationName = Release;
		};
		D4212A4523E7BC03002CD60A /* Build configuration list for PBXNativeTarget "JapaneseLDSQuad" */ = {
			isa = XCConfigurationList;
			buildConfigurations = (
				D4212A4623E7BC03002CD60A /* Debug */,
				D4212A4723E7BC03002CD60A /* Release */,
			);
			defaultConfigurationIsVisible = 0;
			defaultConfigurationName = Release;
		};
		D4212A4823E7BC03002CD60A /* Build configuration list for PBXNativeTarget "JapaneseLDSQuadTests" */ = {
			isa = XCConfigurationList;
			buildConfigurations = (
				D4212A4923E7BC03002CD60A /* Debug */,
				D4212A4A23E7BC03002CD60A /* Release */,
			);
			defaultConfigurationIsVisible = 0;
			defaultConfigurationName = Release;
		};
		D4212A4B23E7BC03002CD60A /* Build configuration list for PBXNativeTarget "JapaneseLDSQuadUITests" */ = {
			isa = XCConfigurationList;
			buildConfigurations = (
				D4212A4C23E7BC03002CD60A /* Debug */,
				D4212A4D23E7BC03002CD60A /* Release */,
			);
			defaultConfigurationIsVisible = 0;
			defaultConfigurationName = Release;
		};
/* End XCConfigurationList section */
	};
	rootObject = D4212A1123E7BC02002CD60A /* Project object */;
}
